
Microsoft Visual Studio Solution File, Format Version 12.00
# Visual Studio Version 17
VisualStudioVersion = 17.0.31903.59
MinimumVisualStudioVersion = 10.0.40219.1
Project("{FAE04EC0-301F-11D3-BF4B-00C04F79EFBC}") = "MinimalApiDemo", "MinimalApiDemo\MinimalApiDemo.csproj", "{05514BD9-57C0-05F4-28D1-64F413AA1DE9}"
EndProject
Project("{FAE04EC0-301F-11D3-BF4B-00C04F79EFBC}") = "MvcRoutingDemo", "MvcRoutingDemo\MvcRoutingDemo.csproj", "{3D4CB31A-E618-C936-7F7A-73C9FAFDFF7A}"
EndProject
Project("{2150E333-8FDC-42A3-9474-1A3956D46DE8}") = "Solution Items", "Solution Items", "{8EC462FD-D22E-90A8-E5CE-7E832BA40C5D}"
	ProjectSection(SolutionItems) = preProject
		README.md = README.md
	EndProjectSection
EndProject
Project("{FAE04EC0-301F-11D3-BF4B-00C04F79EFBC}") = "RazorPagesRoutingDemo1", "RazorPagesRoutingDemo1\RazorPagesRoutingDemo1.csproj", "{56F93A07-BB81-4F6B-8CD2-802E283E552C}"
EndProject
Global
	GlobalSection(SolutionConfigurationPlatforms) = preSolution
		Debug|Any CPU = Debug|Any CPU
		Release|Any CPU = Release|Any CPU
	EndGlobalSection
	GlobalSection(ProjectConfigurationPlatforms) = postSolution
		{05514BD9-57C0-05F4-28D1-64F413AA1DE9}.Debug|Any CPU.ActiveCfg = Debug|Any CPU
		{05514BD9-57C0-05F4-28D1-64F413AA1DE9}.Debug|Any CPU.Build.0 = Debug|Any CPU
		{05514BD9-57C0-05F4-28D1-64F413AA1DE9}.Release|Any CPU.ActiveCfg = Release|Any CPU
		{05514BD9-57C0-05F4-28D1-64F413AA1DE9}.Release|Any CPU.Build.0 = Release|Any CPU
		{3D4CB31A-E618-C936-7F7A-73C9FAFDFF7A}.Debug|Any CPU.ActiveCfg = Debug|Any CPU
		{3D4CB31A-E618-C936-7F7A-73C9FAFDFF7A}.Debug|Any CPU.Build.0 = Debug|Any CPU
		{3D4CB31A-E618-C936-7F7A-73C9FAFDFF7A}.Release|Any CPU.ActiveCfg = Release|Any CPU
		{3D4CB31A-E618-C936-7F7A-73C9FAFDFF7A}.Release|Any CPU.Build.0 = Release|Any CPU
		{56F93A07-BB81-4F6B-8CD2-802E283E552C}.Debug|Any CPU.ActiveCfg = Debug|Any CPU
		{56F93A07-BB81-4F6B-8CD2-802E283E552C}.Debug|Any CPU.Build.0 = Debug|Any CPU
		{56F93A07-BB81-4F6B-8CD2-802E283E552C}.Release|Any CPU.ActiveCfg = Release|Any CPU
		{56F93A07-BB81-4F6B-8CD2-802E283E552C}.Release|Any CPU.Build.0 = Release|Any CPU
	EndGlobalSection
	GlobalSection(SolutionProperties) = preSolution
		HideSolutionNode = FALSE
	EndGlobalSection
	GlobalSection(ExtensibilityGlobals) = postSolution
		SolutionGuid = {6F2177C6-146A-47A3-9AFC-5ED81F82EE1B}
	EndGlobalSection
EndGlobal
